
Microsoft Visual Studio Solution File, Format Version 12.00
# Visual Studio 14
VisualStudioVersion = 14.0.25123.0
MinimumVisualStudioVersion = 10.0.40219.1
Project("{F2A71F9B-5D33-465A-A702-920D77279786}") = "VisualizeMLSimWithDSV", "VisualizeMLSimWithDSV\VisualizeMLSimWithDSV.fsproj", "{1580DD30-26FE-44C3-8EDB-6150764B8946}"
EndProject
Global
	GlobalSection(SolutionConfigurationPlatforms) = preSolution
		Debug|Any CPU = Debug|Any CPU
		Release|Any CPU = Release|Any CPU
	EndGlobalSection
	GlobalSection(ProjectConfigurationPlatforms) = postSolution
		{1580DD30-26FE-44C3-8EDB-6150764B8946}.Debug|Any CPU.ActiveCfg = Debug|Any CPU
		{1580DD30-26FE-44C3-8EDB-6150764B8946}.Debug|Any CPU.Build.0 = Debug|Any CPU
		{1580DD30-26FE-44C3-8EDB-6150764B8946}.Release|Any CPU.ActiveCfg = Release|Any CPU
		{1580DD30-26FE-44C3-8EDB-6150764B8946}.Release|Any CPU.Build.0 = Release|Any CPU
	EndGlobalSection
	GlobalSection(SolutionProperties) = preSolution
		HideSolutionNode = FALSE
	EndGlobalSection
EndGlobal
